
Microsoft Visual Studio Solution File, Format Version 12.00
# Visual Studio Version 17
VisualStudioVersion = 17.5.33424.131
MinimumVisualStudioVersion = 10.0.40219.1
Project("{FAE04EC0-301F-11D3-BF4B-00C04F79EFBC}") = "Middleware", "Middleware\Middleware.csproj", "{DFDE441F-875D-414B-9A70-1DFDD26A6ABE}"
EndProject
Global
	GlobalSection(SolutionConfigurationPlatforms) = preSolution
		Debug|Any CPU = Debug|Any CPU
		Release|Any CPU = Release|Any CPU
	EndGlobalSection
	GlobalSection(ProjectConfigurationPlatforms) = postSolution
		{DFDE441F-875D-414B-9A70-1DFDD26A6ABE}.Debug|Any CPU.ActiveCfg = Debug|Any CPU
		{DFDE441F-875D-414B-9A70-1DFDD26A6ABE}.Debug|Any CPU.Build.0 = Debug|Any CPU
		{DFDE441F-875D-414B-9A70-1DFDD26A6ABE}.Release|Any CPU.ActiveCfg = Release|Any CPU
		{DFDE441F-875D-414B-9A70-1DFDD26A6ABE}.Release|Any CPU.Build.0 = Release|Any CPU
	EndGlobalSection
	GlobalSection(SolutionProperties) = preSolution
		HideSolutionNode = FALSE
	EndGlobalSection
	GlobalSection(ExtensibilityGlobals) = postSolution
		SolutionGuid = {E0D4F2C8-E149-4A90-BA52-5ABD0C48F24C}
	EndGlobalSection
EndGlobal
